
Microsoft Visual Studio Solution File, Format Version 12.00
# Visual Studio Version 17
VisualStudioVersion = 17.14.36127.28
MinimumVisualStudioVersion = 10.0.40219.1
Project("{FAE04EC0-301F-11D3-BF4B-00C04F79EFBC}") = "BlossomTest.Presentation", "BlossomTest.Presentation\BlossomTest.Presentation.csproj", "{835D2667-99F2-414D-9262-3854AC90FA10}"
EndProject
Project("{FAE04EC0-301F-11D3-BF4B-00C04F79EFBC}") = "BlossomTest.Application", "BlossomTest.Application\BlossomTest.Application.csproj", "{F830F039-ED48-4E7C-8715-90E017BAC312}"
EndProject
Project("{FAE04EC0-301F-11D3-BF4B-00C04F79EFBC}") = "BlossomTest.Domain", "BlossomTest.Domain\BlossomTest.Domain.csproj", "{133AC8C9-8BD7-4BC5-8382-8EBEEE060CB8}"
EndProject
Project("{FAE04EC0-301F-11D3-BF4B-00C04F79EFBC}") = "BlossomTest.Infrastructure", "BlossomTest.Infrastructure\BlossomTest.Infrastructure.csproj", "{8A071EC4-4979-49C3-8A3A-2FC3AC4BD598}"
EndProject
Project("{2150E333-8FDC-42A3-9474-1A3956D46DE8}") = "tests", "tests", "{02EA681E-C7D8-13C7-8484-4AC65E1B71E8}"
EndProject
Project("{FAE04EC0-301F-11D3-BF4B-00C04F79EFBC}") = "BlossomTest.Infrastructure.Persistence", "BlossomTest.Infrastructure.Persistence\BlossomTest.Infrastructure.Persistence.csproj", "{03C7600A-D4AE-BB2C-E7E1-E510130E6DC1}"
EndProject
Project("{FAE04EC0-301F-11D3-BF4B-00C04F79EFBC}") = "BlossomTest.Architecture.UnitTests", "Tests\BlossomTest.Architecture.UnitTests\BlossomTest.Architecture.UnitTests.csproj", "{B1BFD8EA-D1D1-3576-F8A8-B9B3AE6FC209}"
EndProject
Project("{FAE04EC0-301F-11D3-BF4B-00C04F79EFBC}") = "BlossomTest.Domain.UnitTests", "Tests\BlossomTest.Domain.UnitTests\BlossomTest.Domain.UnitTests.csproj", "{13653818-6CC0-02AB-17E1-39A2B434D91E}"
EndProject
Project("{FAE04EC0-301F-11D3-BF4B-00C04F79EFBC}") = "BlossomTest.FunctionalTests", "Tests\BlossomTest.FunctionalTests\BlossomTest.FunctionalTests.csproj", "{C4601A56-9823-9982-D988-464CEC71FF07}"
EndProject
Project("{FAE04EC0-301F-11D3-BF4B-00C04F79EFBC}") = "BlossomTest.IntegrationTests", "Tests\BlossomTest.IntegrationTests\BlossomTest.IntegrationTests.csproj", "{491DF788-5124-9390-B9F6-646AB233C6D9}"
EndProject
Global
	GlobalSection(SolutionConfigurationPlatforms) = preSolution
		Debug|Any CPU = Debug|Any CPU
		Release|Any CPU = Release|Any CPU
	EndGlobalSection
	GlobalSection(ProjectConfigurationPlatforms) = postSolution
		{835D2667-99F2-414D-9262-3854AC90FA10}.Debug|Any CPU.ActiveCfg = Debug|Any CPU
		{835D2667-99F2-414D-9262-3854AC90FA10}.Debug|Any CPU.Build.0 = Debug|Any CPU
		{835D2667-99F2-414D-9262-3854AC90FA10}.Release|Any CPU.ActiveCfg = Release|Any CPU
		{835D2667-99F2-414D-9262-3854AC90FA10}.Release|Any CPU.Build.0 = Release|Any CPU
		{F830F039-ED48-4E7C-8715-90E017BAC312}.Debug|Any CPU.ActiveCfg = Debug|Any CPU
		{F830F039-ED48-4E7C-8715-90E017BAC312}.Debug|Any CPU.Build.0 = Debug|Any CPU
		{F830F039-ED48-4E7C-8715-90E017BAC312}.Release|Any CPU.ActiveCfg = Release|Any CPU
		{F830F039-ED48-4E7C-8715-90E017BAC312}.Release|Any CPU.Build.0 = Release|Any CPU
		{133AC8C9-8BD7-4BC5-8382-8EBEEE060CB8}.Debug|Any CPU.ActiveCfg = Debug|Any CPU
		{133AC8C9-8BD7-4BC5-8382-8EBEEE060CB8}.Debug|Any CPU.Build.0 = Debug|Any CPU
		{133AC8C9-8BD7-4BC5-8382-8EBEEE060CB8}.Release|Any CPU.ActiveCfg = Release|Any CPU
		{133AC8C9-8BD7-4BC5-8382-8EBEEE060CB8}.Release|Any CPU.Build.0 = Release|Any CPU
		{8A071EC4-4979-49C3-8A3A-2FC3AC4BD598}.Debug|Any CPU.ActiveCfg = Debug|Any CPU
		{8A071EC4-4979-49C3-8A3A-2FC3AC4BD598}.Debug|Any CPU.Build.0 = Debug|Any CPU
		{8A071EC4-4979-49C3-8A3A-2FC3AC4BD598}.Release|Any CPU.ActiveCfg = Release|Any CPU
		{8A071EC4-4979-49C3-8A3A-2FC3AC4BD598}.Release|Any CPU.Build.0 = Release|Any CPU
		{03C7600A-D4AE-BB2C-E7E1-E510130E6DC1}.Debug|Any CPU.ActiveCfg = Debug|Any CPU
		{03C7600A-D4AE-BB2C-E7E1-E510130E6DC1}.Debug|Any CPU.Build.0 = Debug|Any CPU
		{03C7600A-D4AE-BB2C-E7E1-E510130E6DC1}.Release|Any CPU.ActiveCfg = Release|Any CPU
		{03C7600A-D4AE-BB2C-E7E1-E510130E6DC1}.Release|Any CPU.Build.0 = Release|Any CPU
		{B1BFD8EA-D1D1-3576-F8A8-B9B3AE6FC209}.Debug|Any CPU.ActiveCfg = Debug|Any CPU
		{B1BFD8EA-D1D1-3576-F8A8-B9B3AE6FC209}.Debug|Any CPU.Build.0 = Debug|Any CPU
		{B1BFD8EA-D1D1-3576-F8A8-B9B3AE6FC209}.Release|Any CPU.ActiveCfg = Release|Any CPU
		{B1BFD8EA-D1D1-3576-F8A8-B9B3AE6FC209}.Release|Any CPU.Build.0 = Release|Any CPU
		{13653818-6CC0-02AB-17E1-39A2B434D91E}.Debug|Any CPU.ActiveCfg = Debug|Any CPU
		{13653818-6CC0-02AB-17E1-39A2B434D91E}.Debug|Any CPU.Build.0 = Debug|Any CPU
		{13653818-6CC0-02AB-17E1-39A2B434D91E}.Release|Any CPU.ActiveCfg = Release|Any CPU
		{13653818-6CC0-02AB-17E1-39A2B434D91E}.Release|Any CPU.Build.0 = Release|Any CPU
		{C4601A56-9823-9982-D988-464CEC71FF07}.Debug|Any CPU.ActiveCfg = Debug|Any CPU
		{C4601A56-9823-9982-D988-464CEC71FF07}.Debug|Any CPU.Build.0 = Debug|Any CPU
		{C4601A56-9823-9982-D988-464CEC71FF07}.Release|Any CPU.ActiveCfg = Release|Any CPU
		{C4601A56-9823-9982-D988-464CEC71FF07}.Release|Any CPU.Build.0 = Release|Any CPU
		{491DF788-5124-9390-B9F6-646AB233C6D9}.Debug|Any CPU.ActiveCfg = Debug|Any CPU
		{491DF788-5124-9390-B9F6-646AB233C6D9}.Debug|Any CPU.Build.0 = Debug|Any CPU
		{491DF788-5124-9390-B9F6-646AB233C6D9}.Release|Any CPU.ActiveCfg = Release|Any CPU
		{491DF788-5124-9390-B9F6-646AB233C6D9}.Release|Any CPU.Build.0 = Release|Any CPU
	EndGlobalSection
	GlobalSection(SolutionProperties) = preSolution
		HideSolutionNode = FALSE
	EndGlobalSection
	GlobalSection(NestedProjects) = preSolution
		{B1BFD8EA-D1D1-3576-F8A8-B9B3AE6FC209} = {02EA681E-C7D8-13C7-8484-4AC65E1B71E8}
		{13653818-6CC0-02AB-17E1-39A2B434D91E} = {02EA681E-C7D8-13C7-8484-4AC65E1B71E8}
		{C4601A56-9823-9982-D988-464CEC71FF07} = {02EA681E-C7D8-13C7-8484-4AC65E1B71E8}
		{491DF788-5124-9390-B9F6-646AB233C6D9} = {02EA681E-C7D8-13C7-8484-4AC65E1B71E8}
	EndGlobalSection
	GlobalSection(ExtensibilityGlobals) = postSolution
		SolutionGuid = {DD9737D3-ABEF-48E4-92B3-DA1F9949A686}
	EndGlobalSection
EndGlobal
