
Microsoft Visual Studio Solution File, Format Version 12.00
# Visual Studio Version 17
VisualStudioVersion = 17.14.36127.28
MinimumVisualStudioVersion = 10.0.40219.1
Project("{FAE04EC0-301F-11D3-BF4B-00C04F79EFBC}") = "BlossomTest.Presentation", "BlossomTest.Presentation\BlossomTest.Presentation.csproj", "{835D2667-99F2-414D-9262-3854AC90FA10}"
EndProject
Project("{FAE04EC0-301F-11D3-BF4B-00C04F79EFBC}") = "BlossomTest.Application", "BlossomTest.Application\BlossomTest.Application.csproj", "{F830F039-ED48-4E7C-8715-90E017BAC312}"
EndProject
Project("{FAE04EC0-301F-11D3-BF4B-00C04F79EFBC}") = "BlossomTest.Domain", "BlossomTest.Domain\BlossomTest.Domain.csproj", "{133AC8C9-8BD7-4BC5-8382-8EBEEE060CB8}"
EndProject
Project("{FAE04EC0-301F-11D3-BF4B-00C04F79EFBC}") = "BlossomTest.Infrastructure", "BlossomTest.Infrastructure\BlossomTest.Infrastructure.csproj", "{8A071EC4-4979-49C3-8A3A-2FC3AC4BD598}"
EndProject
Project("{2150E333-8FDC-42A3-9474-1A3956D46DE8}") = "Test", "Test", "{02EA681E-C7D8-13C7-8484-4AC65E1B71E8}"
EndProject
Project("{FAE04EC0-301F-11D3-BF4B-00C04F79EFBC}") = "BlossomTest.Infrastructure.Persistence", "BlossomTest.Infrastructure.Persistence\BlossomTest.Infrastructure.Persistence.csproj", "{03C7600A-D4AE-BB2C-E7E1-E510130E6DC1}"
EndProject
Project("{FAE04EC0-301F-11D3-BF4B-00C04F79EFBC}") = "BlossomTest.Domain.UnitTests", "BlossomTest.Domain.UnitTests\BlossomTest.Domain.UnitTests.csproj", "{EC4AC5B8-655A-421A-BB03-9E45820C61BD}"
EndProject
Project("{FAE04EC0-301F-11D3-BF4B-00C04F79EFBC}") = "BlossomTest.Architecture.UnitTests", "BlossomTest.Architecture.UnitTests\BlossomTest.Architecture.UnitTests.csproj", "{E6567549-0C11-4015-8096-457420DB2E2A}"
EndProject
Project("{FAE04EC0-301F-11D3-BF4B-00C04F79EFBC}") = "BlossomTest.IntegrationTests", "BlossomTest.IntegrationTests\BlossomTest.IntegrationTests.csproj", "{02F970DB-6A96-494A-9AEA-97589509ED24}"
EndProject
Project("{FAE04EC0-301F-11D3-BF4B-00C04F79EFBC}") = "BlossomTest.FunctionalTests", "BlossomTest.FunctionalTests\BlossomTest.FunctionalTests.csproj", "{676B4ADE-A441-4D17-9335-9F6DDA754DAC}"
EndProject
Global
	GlobalSection(SolutionConfigurationPlatforms) = preSolution
		Debug|Any CPU = Debug|Any CPU
		Release|Any CPU = Release|Any CPU
	EndGlobalSection
	GlobalSection(ProjectConfigurationPlatforms) = postSolution
		{835D2667-99F2-414D-9262-3854AC90FA10}.Debug|Any CPU.ActiveCfg = Debug|Any CPU
		{835D2667-99F2-414D-9262-3854AC90FA10}.Debug|Any CPU.Build.0 = Debug|Any CPU
		{835D2667-99F2-414D-9262-3854AC90FA10}.Release|Any CPU.ActiveCfg = Release|Any CPU
		{835D2667-99F2-414D-9262-3854AC90FA10}.Release|Any CPU.Build.0 = Release|Any CPU
		{F830F039-ED48-4E7C-8715-90E017BAC312}.Debug|Any CPU.ActiveCfg = Debug|Any CPU
		{F830F039-ED48-4E7C-8715-90E017BAC312}.Debug|Any CPU.Build.0 = Debug|Any CPU
		{F830F039-ED48-4E7C-8715-90E017BAC312}.Release|Any CPU.ActiveCfg = Release|Any CPU
		{F830F039-ED48-4E7C-8715-90E017BAC312}.Release|Any CPU.Build.0 = Release|Any CPU
		{133AC8C9-8BD7-4BC5-8382-8EBEEE060CB8}.Debug|Any CPU.ActiveCfg = Debug|Any CPU
		{133AC8C9-8BD7-4BC5-8382-8EBEEE060CB8}.Debug|Any CPU.Build.0 = Debug|Any CPU
		{133AC8C9-8BD7-4BC5-8382-8EBEEE060CB8}.Release|Any CPU.ActiveCfg = Release|Any CPU
		{133AC8C9-8BD7-4BC5-8382-8EBEEE060CB8}.Release|Any CPU.Build.0 = Release|Any CPU
		{8A071EC4-4979-49C3-8A3A-2FC3AC4BD598}.Debug|Any CPU.ActiveCfg = Debug|Any CPU
		{8A071EC4-4979-49C3-8A3A-2FC3AC4BD598}.Debug|Any CPU.Build.0 = Debug|Any CPU
		{8A071EC4-4979-49C3-8A3A-2FC3AC4BD598}.Release|Any CPU.ActiveCfg = Release|Any CPU
		{8A071EC4-4979-49C3-8A3A-2FC3AC4BD598}.Release|Any CPU.Build.0 = Release|Any CPU
		{03C7600A-D4AE-BB2C-E7E1-E510130E6DC1}.Debug|Any CPU.ActiveCfg = Debug|Any CPU
		{03C7600A-D4AE-BB2C-E7E1-E510130E6DC1}.Debug|Any CPU.Build.0 = Debug|Any CPU
		{03C7600A-D4AE-BB2C-E7E1-E510130E6DC1}.Release|Any CPU.ActiveCfg = Release|Any CPU
		{03C7600A-D4AE-BB2C-E7E1-E510130E6DC1}.Release|Any CPU.Build.0 = Release|Any CPU
		{EC4AC5B8-655A-421A-BB03-9E45820C61BD}.Debug|Any CPU.ActiveCfg = Debug|Any CPU
		{EC4AC5B8-655A-421A-BB03-9E45820C61BD}.Debug|Any CPU.Build.0 = Debug|Any CPU
		{EC4AC5B8-655A-421A-BB03-9E45820C61BD}.Release|Any CPU.ActiveCfg = Release|Any CPU
		{EC4AC5B8-655A-421A-BB03-9E45820C61BD}.Release|Any CPU.Build.0 = Release|Any CPU
		{E6567549-0C11-4015-8096-457420DB2E2A}.Debug|Any CPU.ActiveCfg = Debug|Any CPU
		{E6567549-0C11-4015-8096-457420DB2E2A}.Debug|Any CPU.Build.0 = Debug|Any CPU
		{E6567549-0C11-4015-8096-457420DB2E2A}.Release|Any CPU.ActiveCfg = Release|Any CPU
		{E6567549-0C11-4015-8096-457420DB2E2A}.Release|Any CPU.Build.0 = Release|Any CPU
		{02F970DB-6A96-494A-9AEA-97589509ED24}.Debug|Any CPU.ActiveCfg = Debug|Any CPU
		{02F970DB-6A96-494A-9AEA-97589509ED24}.Debug|Any CPU.Build.0 = Debug|Any CPU
		{02F970DB-6A96-494A-9AEA-97589509ED24}.Release|Any CPU.ActiveCfg = Release|Any CPU
		{02F970DB-6A96-494A-9AEA-97589509ED24}.Release|Any CPU.Build.0 = Release|Any CPU
		{676B4ADE-A441-4D17-9335-9F6DDA754DAC}.Debug|Any CPU.ActiveCfg = Debug|Any CPU
		{676B4ADE-A441-4D17-9335-9F6DDA754DAC}.Debug|Any CPU.Build.0 = Debug|Any CPU
		{676B4ADE-A441-4D17-9335-9F6DDA754DAC}.Release|Any CPU.ActiveCfg = Release|Any CPU
		{676B4ADE-A441-4D17-9335-9F6DDA754DAC}.Release|Any CPU.Build.0 = Release|Any CPU
	EndGlobalSection
	GlobalSection(SolutionProperties) = preSolution
		HideSolutionNode = FALSE
	EndGlobalSection
	GlobalSection(NestedProjects) = preSolution
		{EC4AC5B8-655A-421A-BB03-9E45820C61BD} = {02EA681E-C7D8-13C7-8484-4AC65E1B71E8}
		{E6567549-0C11-4015-8096-457420DB2E2A} = {02EA681E-C7D8-13C7-8484-4AC65E1B71E8}
		{02F970DB-6A96-494A-9AEA-97589509ED24} = {02EA681E-C7D8-13C7-8484-4AC65E1B71E8}
		{676B4ADE-A441-4D17-9335-9F6DDA754DAC} = {02EA681E-C7D8-13C7-8484-4AC65E1B71E8}
	EndGlobalSection
	GlobalSection(ExtensibilityGlobals) = postSolution
		SolutionGuid = {DD9737D3-ABEF-48E4-92B3-DA1F9949A686}
	EndGlobalSection
EndGlobal
